# This file was autogenerated by Stack.
# You should not edit this file by hand.
# For more information, please see the documentation at:
#   https://docs.haskellstack.org/en/stable/lock_files

packages:
- completed:
    hackage: safe-money-0.9@sha256:b34d829063582ff4eaa9deb75b940731a188cddc0529e9c654d4ff43a1a7b978,2475
    pantry-tree:
      size: 429
      sha256: b9e9682921f80670b6d1c96fd705846f59e31c096b8e6121300816df522718eb
  original:
    hackage: safe-money-0.9
snapshots:
- completed:
    size: 515634
    url: https://raw.githubusercontent.com/commercialhaskell/stackage-snapshots/master/nightly/2019/7/4.yaml
    sha256: 7a8f5457b7c3181846ded716e256eb50ca911b6ab86893370e3d4e472fd21afc
  original: nightly-2019-07-04
